// !$*UTF8*$!
{
	archiveVersion = 1;
	classes = {
	};
	objectVersion = 56;
	objects = {

/* Begin PBXBuildFile section */
		58413D792CCA3BD300D2ADF1 /* JournalAppTestApp.swift in Sources */ = {isa = PBXBuildFile; fileRef = 58413D782CCA3BD300D2ADF1 /* JournalAppTestApp.swift */; };
		58413D7B2CCA3BD300D2ADF1 /* ContentView.swift in Sources */ = {isa = PBXBuildFile; fileRef = 58413D7A2CCA3BD300D2ADF1 /* ContentView.swift */; };
		58413D7D2CCA3BD400D2ADF1 /* Assets.xcassets in Resources */ = {isa = PBXBuildFile; fileRef = 58413D7C2CCA3BD400D2ADF1 /* Assets.xcassets */; };
		58413D802CCA3BD400D2ADF1 /* Preview Assets.xcassets in Resources */ = {isa = PBXBuildFile; fileRef = 58413D7F2CCA3BD400D2ADF1 /* Preview Assets.xcassets */; };
		58413D8A2CCA3BD500D2ADF1 /* JournalAppTestTests.swift in Sources */ = {isa = PBXBuildFile; fileRef = 58413D892CCA3BD500D2ADF1 /* JournalAppTestTests.swift */; };
		58413D942CCA3BD500D2ADF1 /* JournalAppTestUITests.swift in Sources */ = {isa = PBXBuildFile; fileRef = 58413D932CCA3BD500D2ADF1 /* JournalAppTestUITests.swift */; };
		58413D962CCA3BD500D2ADF1 /* JournalAppTestUITestsLaunchTests.swift in Sources */ = {isa = PBXBuildFile; fileRef = 58413D952CCA3BD500D2ADF1 /* JournalAppTestUITestsLaunchTests.swift */; };
		58413DA32CCA3BF500D2ADF1 /* NewJournal.swift in Sources */ = {isa = PBXBuildFile; fileRef = 58413DA22CCA3BF500D2ADF1 /* NewJournal.swift */; };
		58413DA52CCA3C2600D2ADF1 /* MainPage.swift in Sources */ = {isa = PBXBuildFile; fileRef = 58413DA42CCA3C2600D2ADF1 /* MainPage.swift */; };
		58413DAA2CCA3D2800D2ADF1 /* JournalEntry.swift in Sources */ = {isa = PBXBuildFile; fileRef = 58413DA92CCA3D2800D2ADF1 /* JournalEntry.swift */; };
		58413DAC2CCA442700D2ADF1 /* JournalEntryView.swift in Sources */ = {isa = PBXBuildFile; fileRef = 58413DAB2CCA442700D2ADF1 /* JournalEntryView.swift */; };
		587972A62CCBE13100D6303B /* SplashScreen.swift in Sources */ = {isa = PBXBuildFile; fileRef = 587972A52CCBE13100D6303B /* SplashScreen.swift */; };
		587972A82CCBE16400D6303B /* EmptyState.swift in Sources */ = {isa = PBXBuildFile; fileRef = 587972A72CCBE16400D6303B /* EmptyState.swift */; };
		58B6E3AB2CCBC53400C85519 /* EditJournal.swift in Sources */ = {isa = PBXBuildFile; fileRef = 58B6E3AA2CCBC53400C85519 /* EditJournal.swift */; };
		58C37B262CCD3EE0006CE8C5 /* BookmarkManager.swift in Sources */ = {isa = PBXBuildFile; fileRef = 58C37B252CCD3EE0006CE8C5 /* BookmarkManager.swift */; };
/* End PBXBuildFile section */

/* Begin PBXContainerItemProxy section */
		58413D862CCA3BD500D2ADF1 /* PBXContainerItemProxy */ = {
			isa = PBXContainerItemProxy;
			containerPortal = 58413D6D2CCA3BD300D2ADF1 /* Project object */;
			proxyType = 1;
			remoteGlobalIDString = 58413D742CCA3BD300D2ADF1;
			remoteInfo = JournalAppTest;
		};
		58413D902CCA3BD500D2ADF1 /* PBXContainerItemProxy */ = {
			isa = PBXContainerItemProxy;
			containerPortal = 58413D6D2CCA3BD300D2ADF1 /* Project object */;
			proxyType = 1;
			remoteGlobalIDString = 58413D742CCA3BD300D2ADF1;
			remoteInfo = JournalAppTest;
		};
/* End PBXContainerItemProxy section */

/* Begin PBXFileReference section */
		58413D752CCA3BD300D2ADF1 /* JournalAppTest.app */ = {isa = PBXFileReference; explicitFileType = wrapper.application; includeInIndex = 0; path = JournalAppTest.app; sourceTree = BUILT_PRODUCTS_DIR; };
		58413D782CCA3BD300D2ADF1 /* JournalAppTestApp.swift */ = {isa = PBXFileReference; lastKnownFileType = sourcecode.swift; path = JournalAppTestApp.swift; sourceTree = "<group>"; };
		58413D7A2CCA3BD300D2ADF1 /* ContentView.swift */ = {isa = PBXFileReference; lastKnownFileType = sourcecode.swift; path = ContentView.swift; sourceTree = "<group>"; };
		58413D7C2CCA3BD400D2ADF1 /* Assets.xcassets */ = {isa = PBXFileReference; lastKnownFileType = folder.assetcatalog; path = Assets.xcassets; sourceTree = "<group>"; };
		58413D7F2CCA3BD400D2ADF1 /* Preview Assets.xcassets */ = {isa = PBXFileReference; lastKnownFileType = folder.assetcatalog; path = "Preview Assets.xcassets"; sourceTree = "<group>"; };
		58413D852CCA3BD500D2ADF1 /* JournalAppTestTests.xctest */ = {isa = PBXFileReference; explicitFileType = wrapper.cfbundle; includeInIndex = 0; path = JournalAppTestTests.xctest; sourceTree = BUILT_PRODUCTS_DIR; };
		58413D892CCA3BD500D2ADF1 /* JournalAppTestTests.swift */ = {isa = PBXFileReference; lastKnownFileType = sourcecode.swift; path = JournalAppTestTests.swift; sourceTree = "<group>"; };
		58413D8F2CCA3BD500D2ADF1 /* JournalAppTestUITests.xctest */ = {isa = PBXFileReference; explicitFileType = wrapper.cfbundle; includeInIndex = 0; path = JournalAppTestUITests.xctest; sourceTree = BUILT_PRODUCTS_DIR; };
		58413D932CCA3BD500D2ADF1 /* JournalAppTestUITests.swift */ = {isa = PBXFileReference; lastKnownFileType = sourcecode.swift; path = JournalAppTestUITests.swift; sourceTree = "<group>"; };
		58413D952CCA3BD500D2ADF1 /* JournalAppTestUITestsLaunchTests.swift */ = {isa = PBXFileReference; lastKnownFileType = sourcecode.swift; path = JournalAppTestUITestsLaunchTests.swift; sourceTree = "<group>"; };
		58413DA22CCA3BF500D2ADF1 /* NewJournal.swift */ = {isa = PBXFileReference; lastKnownFileType = sourcecode.swift; path = NewJournal.swift; sourceTree = "<group>"; };
		58413DA42CCA3C2600D2ADF1 /* MainPage.swift */ = {isa = PBXFileReference; lastKnownFileType = sourcecode.swift; path = MainPage.swift; sourceTree = "<group>"; };
		58413DA92CCA3D2800D2ADF1 /* JournalEntry.swift */ = {isa = PBXFileReference; lastKnownFileType = sourcecode.swift; path = JournalEntry.swift; sourceTree = "<group>"; };
		58413DAB2CCA442700D2ADF1 /* JournalEntryView.swift */ = {isa = PBXFileReference; lastKnownFileType = sourcecode.swift; path = JournalEntryView.swift; sourceTree = "<group>"; };
		587972A52CCBE13100D6303B /* SplashScreen.swift */ = {isa = PBXFileReference; lastKnownFileType = sourcecode.swift; path = SplashScreen.swift; sourceTree = "<group>"; };
		587972A72CCBE16400D6303B /* EmptyState.swift */ = {isa = PBXFileReference; lastKnownFileType = sourcecode.swift; path = EmptyState.swift; sourceTree = "<group>"; };
		58B6E3AA2CCBC53400C85519 /* EditJournal.swift */ = {isa = PBXFileReference; lastKnownFileType = sourcecode.swift; path = EditJournal.swift; sourceTree = "<group>"; };
		58C37B252CCD3EE0006CE8C5 /* BookmarkManager.swift */ = {isa = PBXFileReference; lastKnownFileType = sourcecode.swift; path = BookmarkManager.swift; sourceTree = "<group>"; };
/* End PBXFileReference section */

/* Begin PBXFrameworksBuildPhase section */
		58413D722CCA3BD300D2ADF1 /* Frameworks */ = {
			isa = PBXFrameworksBuildPhase;
			buildActionMask = 2147483647;
			files = (
			);
			runOnlyForDeploymentPostprocessing = 0;
		};
		58413D822CCA3BD500D2ADF1 /* Frameworks */ = {
			isa = PBXFrameworksBuildPhase;
			buildActionMask = 2147483647;
			files = (
			);
			runOnlyForDeploymentPostprocessing = 0;
		};
		58413D8C2CCA3BD500D2ADF1 /* Frameworks */ = {
			isa = PBXFrameworksBuildPhase;
			buildActionMask = 2147483647;
			files = (
			);
			runOnlyForDeploymentPostprocessing = 0;
		};
/* End PBXFrameworksBuildPhase section */

/* Begin PBXGroup section */
		58413D6C2CCA3BD300D2ADF1 = {
			isa = PBXGroup;
			children = (
				58413D772CCA3BD300D2ADF1 /* JournalAppTest */,
				58413D882CCA3BD500D2ADF1 /* JournalAppTestTests */,
				58413D922CCA3BD500D2ADF1 /* JournalAppTestUITests */,
				58413D762CCA3BD300D2ADF1 /* Products */,
			);
			sourceTree = "<group>";
		};
		58413D762CCA3BD300D2ADF1 /* Products */ = {
			isa = PBXGroup;
			children = (
				58413D752CCA3BD300D2ADF1 /* JournalAppTest.app */,
				58413D852CCA3BD500D2ADF1 /* JournalAppTestTests.xctest */,
				58413D8F2CCA3BD500D2ADF1 /* JournalAppTestUITests.xctest */,
			);
			name = Products;
			sourceTree = "<group>";
		};
		58413D772CCA3BD300D2ADF1 /* JournalAppTest */ = {
			isa = PBXGroup;
			children = (
				58413D782CCA3BD300D2ADF1 /* JournalAppTestApp.swift */,
				587972A52CCBE13100D6303B /* SplashScreen.swift */,
				587972A72CCBE16400D6303B /* EmptyState.swift */,
				58413D7A2CCA3BD300D2ADF1 /* ContentView.swift */,
				58413DA22CCA3BF500D2ADF1 /* NewJournal.swift */,
				58413DA42CCA3C2600D2ADF1 /* MainPage.swift */,
				58B6E3AA2CCBC53400C85519 /* EditJournal.swift */,
				58413DAB2CCA442700D2ADF1 /* JournalEntryView.swift */,
				58C37B252CCD3EE0006CE8C5 /* BookmarkManager.swift */,
				58413DA92CCA3D2800D2ADF1 /* JournalEntry.swift */,
				58413D7C2CCA3BD400D2ADF1 /* Assets.xcassets */,
				58413D7E2CCA3BD400D2ADF1 /* Preview Content */,
			);
			path = JournalAppTest;
			sourceTree = "<group>";
		};
		58413D7E2CCA3BD400D2ADF1 /* Preview Content */ = {
			isa = PBXGroup;
			children = (
				58413D7F2CCA3BD400D2ADF1 /* Preview Assets.xcassets */,
			);
			path = "Preview Content";
			sourceTree = "<group>";
		};
		58413D882CCA3BD500D2ADF1 /* JournalAppTestTests */ = {
			isa = PBXGroup;
			children = (
				58413D892CCA3BD500D2ADF1 /* JournalAppTestTests.swift */,
			);
			path = JournalAppTestTests;
			sourceTree = "<group>";
		};
		58413D922CCA3BD500D2ADF1 /* JournalAppTestUITests */ = {
			isa = PBXGroup;
			children = (
				58413D932CCA3BD500D2ADF1 /* JournalAppTestUITests.swift */,
				58413D952CCA3BD500D2ADF1 /* JournalAppTestUITestsLaunchTests.swift */,
			);
			path = JournalAppTestUITests;
			sourceTree = "<group>";
		};
/* End PBXGroup section */

/* Begin PBXNativeTarget section */
		58413D742CCA3BD300D2ADF1 /* JournalAppTest */ = {
			isa = PBXNativeTarget;
			buildConfigurationList = 58413D992CCA3BD500D2ADF1 /* Build configuration list for PBXNativeTarget "JournalAppTest" */;
			buildPhases = (
				58413D712CCA3BD300D2ADF1 /* Sources */,
				58413D722CCA3BD300D2ADF1 /* Frameworks */,
				58413D732CCA3BD300D2ADF1 /* Resources */,
			);
			buildRules = (
			);
			dependencies = (
			);
			name = JournalAppTest;
			productName = JournalAppTest;
			productReference = 58413D752CCA3BD300D2ADF1 /* JournalAppTest.app */;
			productType = "com.apple.product-type.application";
		};
		58413D842CCA3BD500D2ADF1 /* JournalAppTestTests */ = {
			isa = PBXNativeTarget;
			buildConfigurationList = 58413D9C2CCA3BD500D2ADF1 /* Build configuration list for PBXNativeTarget "JournalAppTestTests" */;
			buildPhases = (
				58413D812CCA3BD500D2ADF1 /* Sources */,
				58413D822CCA3BD500D2ADF1 /* Frameworks */,
				58413D832CCA3BD500D2ADF1 /* Resources */,
			);
			buildRules = (
			);
			dependencies = (
				58413D872CCA3BD500D2ADF1 /* PBXTargetDependency */,
			);
			name = JournalAppTestTests;
			productName = JournalAppTestTests;
			productReference = 58413D852CCA3BD500D2ADF1 /* JournalAppTestTests.xctest */;
			productType = "com.apple.product-type.bundle.unit-test";
		};
		58413D8E2CCA3BD500D2ADF1 /* JournalAppTestUITests */ = {
			isa = PBXNativeTarget;
			buildConfigurationList = 58413D9F2CCA3BD500D2ADF1 /* Build configuration list for PBXNativeTarget "JournalAppTestUITests" */;
			buildPhases = (
				58413D8B2CCA3BD500D2ADF1 /* Sources */,
				58413D8C2CCA3BD500D2ADF1 /* Frameworks */,
				58413D8D2CCA3BD500D2ADF1 /* Resources */,
			);
			buildRules = (
			);
			dependencies = (
				58413D912CCA3BD500D2ADF1 /* PBXTargetDependency */,
			);
			name = JournalAppTestUITests;
			productName = JournalAppTestUITests;
			productReference = 58413D8F2CCA3BD500D2ADF1 /* JournalAppTestUITests.xctest */;
			productType = "com.apple.product-type.bundle.ui-testing";
		};
/* End PBXNativeTarget section */

/* Begin PBXProject section */
		58413D6D2CCA3BD300D2ADF1 /* Project object */ = {
			isa = PBXProject;
			attributes = {
				BuildIndependentTargetsInParallel = 1;
				LastSwiftUpdateCheck = 1540;
				LastUpgradeCheck = 1540;
				TargetAttributes = {
					58413D742CCA3BD300D2ADF1 = {
						CreatedOnToolsVersion = 15.4;
					};
					58413D842CCA3BD500D2ADF1 = {
						CreatedOnToolsVersion = 15.4;
						TestTargetID = 58413D742CCA3BD300D2ADF1;
					};
					58413D8E2CCA3BD500D2ADF1 = {
						CreatedOnToolsVersion = 15.4;
						TestTargetID = 58413D742CCA3BD300D2ADF1;
					};
				};
			};
			buildConfigurationList = 58413D702CCA3BD300D2ADF1 /* Build configuration list for PBXProject "JournalAppTest" */;
			compatibilityVersion = "Xcode 14.0";
			developmentRegion = en;
			hasScannedForEncodings = 0;
			knownRegions = (
				en,
				Base,
			);
			mainGroup = 58413D6C2CCA3BD300D2ADF1;
			productRefGroup = 58413D762CCA3BD300D2ADF1 /* Products */;
			projectDirPath = "";
			projectRoot = "";
			targets = (
				58413D742CCA3BD300D2ADF1 /* JournalAppTest */,
				58413D842CCA3BD500D2ADF1 /* JournalAppTestTests */,
				58413D8E2CCA3BD500D2ADF1 /* JournalAppTestUITests */,
			);
		};
/* End PBXProject section */

/* Begin PBXResourcesBuildPhase section */
		58413D732CCA3BD300D2ADF1 /* Resources */ = {
			isa = PBXResourcesBuildPhase;
			buildActionMask = 2147483647;
			files = (
				58413D802CCA3BD400D2ADF1 /* Preview Assets.xcassets in Resources */,
				58413D7D2CCA3BD400D2ADF1 /* Assets.xcassets in Resources */,
			);
			runOnlyForDeploymentPostprocessing = 0;
		};
		58413D832CCA3BD500D2ADF1 /* Resources */ = {
			isa = PBXResourcesBuildPhase;
			buildActionMask = 2147483647;
			files = (
			);
			runOnlyForDeploymentPostprocessing = 0;
		};
		58413D8D2CCA3BD500D2ADF1 /* Resources */ = {
			isa = PBXResourcesBuildPhase;
			buildActionMask = 2147483647;
			files = (
			);
			runOnlyForDeploymentPostprocessing = 0;
		};
/* End PBXResourcesBuildPhase section */

/* Begin PBXSourcesBuildPhase section */
		58413D712CCA3BD300D2ADF1 /* Sources */ = {
			isa = PBXSourcesBuildPhase;
			buildActionMask = 2147483647;
			files = (
				587972A62CCBE13100D6303B /* SplashScreen.swift in Sources */,
				58413D7B2CCA3BD300D2ADF1 /* ContentView.swift in Sources */,
				58413D792CCA3BD300D2ADF1 /* JournalAppTestApp.swift in Sources */,
				58413DAA2CCA3D2800D2ADF1 /* JournalEntry.swift in Sources */,
				58413DAC2CCA442700D2ADF1 /* JournalEntryView.swift in Sources */,
				58413DA32CCA3BF500D2ADF1 /* NewJournal.swift in Sources */,
				587972A82CCBE16400D6303B /* EmptyState.swift in Sources */,
				58C37B262CCD3EE0006CE8C5 /* BookmarkManager.swift in Sources */,
				58413DA52CCA3C2600D2ADF1 /* MainPage.swift in Sources */,
				58B6E3AB2CCBC53400C85519 /* EditJournal.swift in Sources */,
			);
			runOnlyForDeploymentPostprocessing = 0;
		};
		58413D812CCA3BD500D2ADF1 /* Sources */ = {
			isa = PBXSourcesBuildPhase;
			buildActionMask = 2147483647;
			files = (
				58413D8A2CCA3BD500D2ADF1 /* JournalAppTestTests.swift in Sources */,
			);
			runOnlyForDeploymentPostprocessing = 0;
		};
		58413D8B2CCA3BD500D2ADF1 /* Sources */ = {
			isa = PBXSourcesBuildPhase;
			buildActionMask = 2147483647;
			files = (
				58413D962CCA3BD500D2ADF1 /* JournalAppTestUITestsLaunchTests.swift in Sources */,
				58413D942CCA3BD500D2ADF1 /* JournalAppTestUITests.swift in Sources */,
			);
			runOnlyForDeploymentPostprocessing = 0;
		};
/* End PBXSourcesBuildPhase section */

/* Begin PBXTargetDependency section */
		58413D872CCA3BD500D2ADF1 /* PBXTargetDependency */ = {
			isa = PBXTargetDependency;
			target = 58413D742CCA3BD300D2ADF1 /* JournalAppTest */;
			targetProxy = 58413D862CCA3BD500D2ADF1 /* PBXContainerItemProxy */;
		};
		58413D912CCA3BD500D2ADF1 /* PBXTargetDependency */ = {
			isa = PBXTargetDependency;
			target = 58413D742CCA3BD300D2ADF1 /* JournalAppTest */;
			targetProxy = 58413D902CCA3BD500D2ADF1 /* PBXContainerItemProxy */;
		};
/* End PBXTargetDependency section */

/* Begin XCBuildConfiguration section */
		58413D972CCA3BD500D2ADF1 /* Debug */ = {
			isa = XCBuildConfiguration;
			buildSettings = {
				ALWAYS_SEARCH_USER_PATHS = NO;
				ASSETCATALOG_COMPILER_GENERATE_SWIFT_ASSET_SYMBOL_EXTENSIONS = YES;
				CLANG_ANALYZER_NONNULL = YES;
				CLANG_ANALYZER_NUMBER_OBJECT_CONVERSION = YES_AGGRESSIVE;
				CLANG_CXX_LANGUAGE_STANDARD = "gnu++20";
				CLANG_ENABLE_MODULES = YES;
				CLANG_ENABLE_OBJC_ARC = YES;
				CLANG_ENABLE_OBJC_WEAK = YES;
				CLANG_WARN_BLOCK_CAPTURE_AUTORELEASING = YES;
				CLANG_WARN_BOOL_CONVERSION = YES;
				CLANG_WARN_COMMA = YES;
				CLANG_WARN_CONSTANT_CONVERSION = YES;
				CLANG_WARN_DEPRECATED_OBJC_IMPLEMENTATIONS = YES;
				CLANG_WARN_DIRECT_OBJC_ISA_USAGE = YES_ERROR;
				CLANG_WARN_DOCUMENTATION_COMMENTS = YES;
				CLANG_WARN_EMPTY_BODY = YES;
				CLANG_WARN_ENUM_CONVERSION = YES;
				CLANG_WARN_INFINITE_RECURSION = YES;
				CLANG_WARN_INT_CONVERSION = YES;
				CLANG_WARN_NON_LITERAL_NULL_CONVERSION = YES;
				CLANG_WARN_OBJC_IMPLICIT_RETAIN_SELF = YES;
				CLANG_WARN_OBJC_LITERAL_CONVERSION = YES;
				CLANG_WARN_OBJC_ROOT_CLASS = YES_ERROR;
				CLANG_WARN_QUOTED_INCLUDE_IN_FRAMEWORK_HEADER = YES;
				CLANG_WARN_RANGE_LOOP_ANALYSIS = YES;
				CLANG_WARN_STRICT_PROTOTYPES = YES;
				CLANG_WARN_SUSPICIOUS_MOVE = YES;
				CLANG_WARN_UNGUARDED_AVAILABILITY = YES_AGGRESSIVE;
				CLANG_WARN_UNREACHABLE_CODE = YES;
				CLANG_WARN__DUPLICATE_METHOD_MATCH = YES;
				COPY_PHASE_STRIP = NO;
				DEBUG_INFORMATION_FORMAT = dwarf;
				ENABLE_STRICT_OBJC_MSGSEND = YES;
				ENABLE_TESTABILITY = YES;
				ENABLE_USER_SCRIPT_SANDBOXING = YES;
				GCC_C_LANGUAGE_STANDARD = gnu17;
				GCC_DYNAMIC_NO_PIC = NO;
				GCC_NO_COMMON_BLOCKS = YES;
				GCC_OPTIMIZATION_LEVEL = 0;
				GCC_PREPROCESSOR_DEFINITIONS = (
					"DEBUG=1",
					"$(inherited)",
				);
				GCC_WARN_64_TO_32_BIT_CONVERSION = YES;
				GCC_WARN_ABOUT_RETURN_TYPE = YES_ERROR;
				GCC_WARN_UNDECLARED_SELECTOR = YES;
				GCC_WARN_UNINITIALIZED_AUTOS = YES_AGGRESSIVE;
				GCC_WARN_UNUSED_FUNCTION = YES;
				GCC_WARN_UNUSED_VARIABLE = YES;
				IPHONEOS_DEPLOYMENT_TARGET = 17.5;
				LOCALIZATION_PREFERS_STRING_CATALOGS = YES;
				MTL_ENABLE_DEBUG_INFO = INCLUDE_SOURCE;
				MTL_FAST_MATH = YES;
				ONLY_ACTIVE_ARCH = YES;
				SDKROOT = iphoneos;
				SWIFT_ACTIVE_COMPILATION_CONDITIONS = "DEBUG $(inherited)";
				SWIFT_OPTIMIZATION_LEVEL = "-Onone";
			};
			name = Debug;
		};
		58413D982CCA3BD500D2ADF1 /* Release */ = {
			isa = XCBuildConfiguration;
			buildSettings = {
				ALWAYS_SEARCH_USER_PATHS = NO;
				ASSETCATALOG_COMPILER_GENERATE_SWIFT_ASSET_SYMBOL_EXTENSIONS = YES;
				CLANG_ANALYZER_NONNULL = YES;
				CLANG_ANALYZER_NUMBER_OBJECT_CONVERSION = YES_AGGRESSIVE;
				CLANG_CXX_LANGUAGE_STANDARD = "gnu++20";
				CLANG_ENABLE_MODULES = YES;
				CLANG_ENABLE_OBJC_ARC = YES;
				CLANG_ENABLE_OBJC_WEAK = YES;
				CLANG_WARN_BLOCK_CAPTURE_AUTORELEASING = YES;
				CLANG_WARN_BOOL_CONVERSION = YES;
				CLANG_WARN_COMMA = YES;
				CLANG_WARN_CONSTANT_CONVERSION = YES;
				CLANG_WARN_DEPRECATED_OBJC_IMPLEMENTATIONS = YES;
				CLANG_WARN_DIRECT_OBJC_ISA_USAGE = YES_ERROR;
				CLANG_WARN_DOCUMENTATION_COMMENTS = YES;
				CLANG_WARN_EMPTY_BODY = YES;
				CLANG_WARN_ENUM_CONVERSION = YES;
				CLANG_WARN_INFINITE_RECURSION = YES;
				CLANG_WARN_INT_CONVERSION = YES;
				CLANG_WARN_NON_LITERAL_NULL_CONVERSION = YES;
				CLANG_WARN_OBJC_IMPLICIT_RETAIN_SELF = YES;
				CLANG_WARN_OBJC_LITERAL_CONVERSION = YES;
				CLANG_WARN_OBJC_ROOT_CLASS = YES_ERROR;
				CLANG_WARN_QUOTED_INCLUDE_IN_FRAMEWORK_HEADER = YES;
				CLANG_WARN_RANGE_LOOP_ANALYSIS = YES;
				CLANG_WARN_STRICT_PROTOTYPES = YES;
				CLANG_WARN_SUSPICIOUS_MOVE = YES;
				CLANG_WARN_UNGUARDED_AVAILABILITY = YES_AGGRESSIVE;
				CLANG_WARN_UNREACHABLE_CODE = YES;
				CLANG_WARN__DUPLICATE_METHOD_MATCH = YES;
				COPY_PHASE_STRIP = NO;
				DEBUG_INFORMATION_FORMAT = "dwarf-with-dsym";
				ENABLE_NS_ASSERTIONS = NO;
				ENABLE_STRICT_OBJC_MSGSEND = YES;
				ENABLE_USER_SCRIPT_SANDBOXING = YES;
				GCC_C_LANGUAGE_STANDARD = gnu17;
				GCC_NO_COMMON_BLOCKS = YES;
				GCC_WARN_64_TO_32_BIT_CONVERSION = YES;
				GCC_WARN_ABOUT_RETURN_TYPE = YES_ERROR;
				GCC_WARN_UNDECLARED_SELECTOR = YES;
				GCC_WARN_UNINITIALIZED_AUTOS = YES_AGGRESSIVE;
				GCC_WARN_UNUSED_FUNCTION = YES;
				GCC_WARN_UNUSED_VARIABLE = YES;
				IPHONEOS_DEPLOYMENT_TARGET = 17.5;
				LOCALIZATION_PREFERS_STRING_CATALOGS = YES;
				MTL_ENABLE_DEBUG_INFO = NO;
				MTL_FAST_MATH = YES;
				SDKROOT = iphoneos;
				SWIFT_COMPILATION_MODE = wholemodule;
				VALIDATE_PRODUCT = YES;
			};
			name = Release;
		};
		58413D9A2CCA3BD500D2ADF1 /* Debug */ = {
			isa = XCBuildConfiguration;
			buildSettings = {
				ASSETCATALOG_COMPILER_APPICON_NAME = AppIcon;
				ASSETCATALOG_COMPILER_GLOBAL_ACCENT_COLOR_NAME = AccentColor;
				CODE_SIGN_STYLE = Automatic;
				CURRENT_PROJECT_VERSION = 1;
				DEVELOPMENT_ASSET_PATHS = "\"JournalAppTest/Preview Content\"";
				ENABLE_PREVIEWS = YES;
				GENERATE_INFOPLIST_FILE = YES;
				INFOPLIST_KEY_UIApplicationSceneManifest_Generation = YES;
				INFOPLIST_KEY_UIApplicationSupportsIndirectInputEvents = YES;
				INFOPLIST_KEY_UILaunchScreen_Generation = YES;
				INFOPLIST_KEY_UISupportedInterfaceOrientations_iPad = "UIInterfaceOrientationPortrait UIInterfaceOrientationPortraitUpsideDown UIInterfaceOrientationLandscapeLeft UIInterfaceOrientationLandscapeRight";
				INFOPLIST_KEY_UISupportedInterfaceOrientations_iPhone = "UIInterfaceOrientationPortrait UIInterfaceOrientationLandscapeLeft UIInterfaceOrientationLandscapeRight";
				LD_RUNPATH_SEARCH_PATHS = (
					"$(inherited)",
					"@executable_path/Frameworks",
				);
				MARKETING_VERSION = 1.0;
				PRODUCT_BUNDLE_IDENTIFIER = smayah.JournalAppTest;
				PRODUCT_NAME = "$(TARGET_NAME)";
				SWIFT_EMIT_LOC_STRINGS = YES;
				SWIFT_VERSION = 5.0;
				TARGETED_DEVICE_FAMILY = "1,2";
			};
			name = Debug;
		};
		58413D9B2CCA3BD500D2ADF1 /* Release */ = {
			isa = XCBuildConfiguration;
			buildSettings = {
				ASSETCATALOG_COMPILER_APPICON_NAME = AppIcon;
				ASSETCATALOG_COMPILER_GLOBAL_ACCENT_COLOR_NAME = AccentColor;
				CODE_SIGN_STYLE = Automatic;
				CURRENT_PROJECT_VERSION = 1;
				DEVELOPMENT_ASSET_PATHS = "\"JournalAppTest/Preview Content\"";
				ENABLE_PREVIEWS = YES;
				GENERATE_INFOPLIST_FILE = YES;
				INFOPLIST_KEY_UIApplicationSceneManifest_Generation = YES;
				INFOPLIST_KEY_UIApplicationSupportsIndirectInputEvents = YES;
				INFOPLIST_KEY_UILaunchScreen_Generation = YES;
				INFOPLIST_KEY_UISupportedInterfaceOrientations_iPad = "UIInterfaceOrientationPortrait UIInterfaceOrientationPortraitUpsideDown UIInterfaceOrientationLandscapeLeft UIInterfaceOrientationLandscapeRight";
				INFOPLIST_KEY_UISupportedInterfaceOrientations_iPhone = "UIInterfaceOrientationPortrait UIInterfaceOrientationLandscapeLeft UIInterfaceOrientationLandscapeRight";
				LD_RUNPATH_SEARCH_PATHS = (
					"$(inherited)",
					"@executable_path/Frameworks",
				);
				MARKETING_VERSION = 1.0;
				PRODUCT_BUNDLE_IDENTIFIER = smayah.JournalAppTest;
				PRODUCT_NAME = "$(TARGET_NAME)";
				SWIFT_EMIT_LOC_STRINGS = YES;
				SWIFT_VERSION = 5.0;
				TARGETED_DEVICE_FAMILY = "1,2";
			};
			name = Release;
		};
		58413D9D2CCA3BD500D2ADF1 /* Debug */ = {
			isa = XCBuildConfiguration;
			buildSettings = {
				ALWAYS_EMBED_SWIFT_STANDARD_LIBRARIES = YES;
				BUNDLE_LOADER = "$(TEST_HOST)";
				CODE_SIGN_STYLE = Automatic;
				CURRENT_PROJECT_VERSION = 1;
				GENERATE_INFOPLIST_FILE = YES;
				IPHONEOS_DEPLOYMENT_TARGET = 17.5;
				MARKETING_VERSION = 1.0;
				PRODUCT_BUNDLE_IDENTIFIER = smayah.JournalAppTestTests;
				PRODUCT_NAME = "$(TARGET_NAME)";
				SWIFT_EMIT_LOC_STRINGS = NO;
				SWIFT_VERSION = 5.0;
				TARGETED_DEVICE_FAMILY = "1,2";
				TEST_HOST = "$(BUILT_PRODUCTS_DIR)/JournalAppTest.app/$(BUNDLE_EXECUTABLE_FOLDER_PATH)/JournalAppTest";
			};
			name = Debug;
		};
		58413D9E2CCA3BD500D2ADF1 /* Release */ = {
			isa = XCBuildConfiguration;
			buildSettings = {
				ALWAYS_EMBED_SWIFT_STANDARD_LIBRARIES = YES;
				BUNDLE_LOADER = "$(TEST_HOST)";
				CODE_SIGN_STYLE = Automatic;
				CURRENT_PROJECT_VERSION = 1;
				GENERATE_INFOPLIST_FILE = YES;
				IPHONEOS_DEPLOYMENT_TARGET = 17.5;
				MARKETING_VERSION = 1.0;
				PRODUCT_BUNDLE_IDENTIFIER = smayah.JournalAppTestTests;
				PRODUCT_NAME = "$(TARGET_NAME)";
				SWIFT_EMIT_LOC_STRINGS = NO;
				SWIFT_VERSION = 5.0;
				TARGETED_DEVICE_FAMILY = "1,2";
				TEST_HOST = "$(BUILT_PRODUCTS_DIR)/JournalAppTest.app/$(BUNDLE_EXECUTABLE_FOLDER_PATH)/JournalAppTest";
			};
			name = Release;
		};
		58413DA02CCA3BD500D2ADF1 /* Debug */ = {
			isa = XCBuildConfiguration;
			buildSettings = {
				ALWAYS_EMBED_SWIFT_STANDARD_LIBRARIES = YES;
				CODE_SIGN_STYLE = Automatic;
				CURRENT_PROJECT_VERSION = 1;
				GENERATE_INFOPLIST_FILE = YES;
				MARKETING_VERSION = 1.0;
				PRODUCT_BUNDLE_IDENTIFIER = smayah.JournalAppTestUITests;
				PRODUCT_NAME = "$(TARGET_NAME)";
				SWIFT_EMIT_LOC_STRINGS = NO;
				SWIFT_VERSION = 5.0;
				TARGETED_DEVICE_FAMILY = "1,2";
				TEST_TARGET_NAME = JournalAppTest;
			};
			name = Debug;
		};
		58413DA12CCA3BD500D2ADF1 /* Release */ = {
			isa = XCBuildConfiguration;
			buildSettings = {
				ALWAYS_EMBED_SWIFT_STANDARD_LIBRARIES = YES;
				CODE_SIGN_STYLE = Automatic;
				CURRENT_PROJECT_VERSION = 1;
				GENERATE_INFOPLIST_FILE = YES;
				MARKETING_VERSION = 1.0;
				PRODUCT_BUNDLE_IDENTIFIER = smayah.JournalAppTestUITests;
				PRODUCT_NAME = "$(TARGET_NAME)";
				SWIFT_EMIT_LOC_STRINGS = NO;
				SWIFT_VERSION = 5.0;
				TARGETED_DEVICE_FAMILY = "1,2";
				TEST_TARGET_NAME = JournalAppTest;
			};
			name = Release;
		};
/* End XCBuildConfiguration section */

/* Begin XCConfigurationList section */
		58413D702CCA3BD300D2ADF1 /* Build configuration list for PBXProject "JournalAppTest" */ = {
			isa = XCConfigurationList;
			buildConfigurations = (
				58413D972CCA3BD500D2ADF1 /* Debug */,
				58413D982CCA3BD500D2ADF1 /* Release */,
			);
			defaultConfigurationIsVisible = 0;
			defaultConfigurationName = Release;
		};
		58413D992CCA3BD500D2ADF1 /* Build configuration list for PBXNativeTarget "JournalAppTest" */ = {
			isa = XCConfigurationList;
			buildConfigurations = (
				58413D9A2CCA3BD500D2ADF1 /* Debug */,
				58413D9B2CCA3BD500D2ADF1 /* Release */,
			);
			defaultConfigurationIsVisible = 0;
			defaultConfigurationName = Release;
		};
		58413D9C2CCA3BD500D2ADF1 /* Build configuration list for PBXNativeTarget "JournalAppTestTests" */ = {
			isa = XCConfigurationList;
			buildConfigurations = (
				58413D9D2CCA3BD500D2ADF1 /* Debug */,
				58413D9E2CCA3BD500D2ADF1 /* Release */,
			);
			defaultConfigurationIsVisible = 0;
			defaultConfigurationName = Release;
		};
		58413D9F2CCA3BD500D2ADF1 /* Build configuration list for PBXNativeTarget "JournalAppTestUITests" */ = {
			isa = XCConfigurationList;
			buildConfigurations = (
				58413DA02CCA3BD500D2ADF1 /* Debug */,
				58413DA12CCA3BD500D2ADF1 /* Release */,
			);
			defaultConfigurationIsVisible = 0;
			defaultConfigurationName = Release;
		};
/* End XCConfigurationList section */
	};
	rootObject = 58413D6D2CCA3BD300D2ADF1 /* Project object */;
}
